
Microsoft Visual Studio Solution File, Format Version 12.00
# Visual Studio 15
VisualStudioVersion = 15.0.27703.2035
MinimumVisualStudioVersion = 10.0.40219.1
Project("{FAE04EC0-301F-11D3-BF4B-00C04F79EFBC}") = "Web Testing", "Web Testing\Web Testing.csproj", "{B2F1AB4A-EC37-41B6-AED7-36FFA8E102A9}"
EndProject
Global
	GlobalSection(SolutionConfigurationPlatforms) = preSolution
		Debug|Any CPU = Debug|Any CPU
		Release|Any CPU = Release|Any CPU
	EndGlobalSection
	GlobalSection(ProjectConfigurationPlatforms) = postSolution
		{B2F1AB4A-EC37-41B6-AED7-36FFA8E102A9}.Debug|Any CPU.ActiveCfg = Debug|Any CPU
		{B2F1AB4A-EC37-41B6-AED7-36FFA8E102A9}.Debug|Any CPU.Build.0 = Debug|Any CPU
		{B2F1AB4A-EC37-41B6-AED7-36FFA8E102A9}.Release|Any CPU.ActiveCfg = Release|Any CPU
		{B2F1AB4A-EC37-41B6-AED7-36FFA8E102A9}.Release|Any CPU.Build.0 = Release|Any CPU
	EndGlobalSection
	GlobalSection(SolutionProperties) = preSolution
		HideSolutionNode = FALSE
	EndGlobalSection
	GlobalSection(ExtensibilityGlobals) = postSolution
		SolutionGuid = {88E17F41-F1C1-49A9-8B83-E51D2E31584F}
	EndGlobalSection
EndGlobal
